
Microsoft Visual Studio Solution File, Format Version 12.00
# Visual Studio 14
VisualStudioVersion = 14.0.25420.1
MinimumVisualStudioVersion = 10.0.40219.1
Project("{FAE04EC0-301F-11D3-BF4B-00C04F79EFBC}") = "Vault", "Vault\Vault.csproj", "{A64DCE97-204F-4D22-8B31-7F3B8A7E8727}"
EndProject
Project("{2150E333-8FDC-42A3-9474-1A3956D46DE8}") = "Solution Items", "Solution Items", "{AEA9CB5D-C533-4D7D-9D0E-BAE2C1CCCBF0}"
	ProjectSection(SolutionItems) = preProject
		Vault\VaultData\checkout.dat = Vault\VaultData\checkout.dat
		Vault\VaultData\confcaixa.dat = Vault\VaultData\confcaixa.dat
		Vault\VaultData\operador.dat = Vault\VaultData\operador.dat
	EndProjectSection
EndProject
Global
	GlobalSection(SolutionConfigurationPlatforms) = preSolution
		Debug|Any CPU = Debug|Any CPU
		Release|Any CPU = Release|Any CPU
	EndGlobalSection
	GlobalSection(ProjectConfigurationPlatforms) = postSolution
		{A64DCE97-204F-4D22-8B31-7F3B8A7E8727}.Debug|Any CPU.ActiveCfg = Debug|Any CPU
		{A64DCE97-204F-4D22-8B31-7F3B8A7E8727}.Debug|Any CPU.Build.0 = Debug|Any CPU
		{A64DCE97-204F-4D22-8B31-7F3B8A7E8727}.Release|Any CPU.ActiveCfg = Release|Any CPU
		{A64DCE97-204F-4D22-8B31-7F3B8A7E8727}.Release|Any CPU.Build.0 = Release|Any CPU
	EndGlobalSection
	GlobalSection(SolutionProperties) = preSolution
		HideSolutionNode = FALSE
	EndGlobalSection
EndGlobal
